
Microsoft Visual Studio Solution File, Format Version 12.00
# Visual Studio 15
VisualStudioVersion = 15.0.28010.2048
MinimumVisualStudioVersion = 10.0.40219.1
Project("{FAE04EC0-301F-11D3-BF4B-00C04F79EFBC}") = "MVCTest", "MVCTest\MVCTest.csproj", "{B2DF6DAD-8D40-4FE6-B890-5488DE42083A}"
EndProject
Global
	GlobalSection(SolutionConfigurationPlatforms) = preSolution
		Debug|Any CPU = Debug|Any CPU
		Release|Any CPU = Release|Any CPU
	EndGlobalSection
	GlobalSection(ProjectConfigurationPlatforms) = postSolution
		{B2DF6DAD-8D40-4FE6-B890-5488DE42083A}.Debug|Any CPU.ActiveCfg = Debug|Any CPU
		{B2DF6DAD-8D40-4FE6-B890-5488DE42083A}.Debug|Any CPU.Build.0 = Debug|Any CPU
		{B2DF6DAD-8D40-4FE6-B890-5488DE42083A}.Release|Any CPU.ActiveCfg = Release|Any CPU
		{B2DF6DAD-8D40-4FE6-B890-5488DE42083A}.Release|Any CPU.Build.0 = Release|Any CPU
	EndGlobalSection
	GlobalSection(SolutionProperties) = preSolution
		HideSolutionNode = FALSE
	EndGlobalSection
	GlobalSection(ExtensibilityGlobals) = postSolution
		SolutionGuid = {5A8CD6B0-A758-41B3-8523-AD5C454299CA}
	EndGlobalSection
EndGlobal
